
Microsoft Visual Studio Solution File, Format Version 12.00
# Visual Studio Version 17
VisualStudioVersion = 17.14.36623.8
MinimumVisualStudioVersion = 10.0.40219.1
Project("{FAE04EC0-301F-11D3-BF4B-00C04F79EFBC}") = "Prestation", "Prestation\Prestation.csproj", "{503564C8-35E8-41FF-9DDD-D76F007604FA}"
EndProject
Project("{FAE04EC0-301F-11D3-BF4B-00C04F79EFBC}") = "Prestation.DAL", "Prestation.DAL\Prestation.DAL.csproj", "{3A7DE851-3F1A-48F2-98F8-1C43B098002C}"
EndProject
Project("{FAE04EC0-301F-11D3-BF4B-00C04F79EFBC}") = "Prestation.BLL", "Prestation.BLL\Prestation.BLL.csproj", "{948814A3-A3DB-4891-90C3-FA00CC63F234}"
EndProject
Global
	GlobalSection(SolutionConfigurationPlatforms) = preSolution
		Debug|Any CPU = Debug|Any CPU
		Release|Any CPU = Release|Any CPU
	EndGlobalSection
	GlobalSection(ProjectConfigurationPlatforms) = postSolution
		{503564C8-35E8-41FF-9DDD-D76F007604FA}.Debug|Any CPU.ActiveCfg = Debug|Any CPU
		{503564C8-35E8-41FF-9DDD-D76F007604FA}.Debug|Any CPU.Build.0 = Debug|Any CPU
		{503564C8-35E8-41FF-9DDD-D76F007604FA}.Release|Any CPU.ActiveCfg = Release|Any CPU
		{503564C8-35E8-41FF-9DDD-D76F007604FA}.Release|Any CPU.Build.0 = Release|Any CPU
		{3A7DE851-3F1A-48F2-98F8-1C43B098002C}.Debug|Any CPU.ActiveCfg = Debug|Any CPU
		{3A7DE851-3F1A-48F2-98F8-1C43B098002C}.Debug|Any CPU.Build.0 = Debug|Any CPU
		{3A7DE851-3F1A-48F2-98F8-1C43B098002C}.Release|Any CPU.ActiveCfg = Release|Any CPU
		{3A7DE851-3F1A-48F2-98F8-1C43B098002C}.Release|Any CPU.Build.0 = Release|Any CPU
		{948814A3-A3DB-4891-90C3-FA00CC63F234}.Debug|Any CPU.ActiveCfg = Debug|Any CPU
		{948814A3-A3DB-4891-90C3-FA00CC63F234}.Debug|Any CPU.Build.0 = Debug|Any CPU
		{948814A3-A3DB-4891-90C3-FA00CC63F234}.Release|Any CPU.ActiveCfg = Release|Any CPU
		{948814A3-A3DB-4891-90C3-FA00CC63F234}.Release|Any CPU.Build.0 = Release|Any CPU
	EndGlobalSection
	GlobalSection(SolutionProperties) = preSolution
		HideSolutionNode = FALSE
	EndGlobalSection
	GlobalSection(ExtensibilityGlobals) = postSolution
		SolutionGuid = {A4B4B814-BA61-4966-819E-36668AB3DC4B}
	EndGlobalSection
EndGlobal
